
Microsoft Visual Studio Solution File, Format Version 12.00
# Visual Studio Version 17
VisualStudioVersion = 17.3.32825.248
MinimumVisualStudioVersion = 10.0.40219.1
Project("{FAE04EC0-301F-11D3-BF4B-00C04F79EFBC}") = "Week9Lists", "Week9Lists\Week9Lists.csproj", "{CCA6DD24-EC99-41AD-99DA-5FD1951BB463}"
EndProject
Global
	GlobalSection(SolutionConfigurationPlatforms) = preSolution
		Debug|Any CPU = Debug|Any CPU
		Release|Any CPU = Release|Any CPU
	EndGlobalSection
	GlobalSection(ProjectConfigurationPlatforms) = postSolution
		{CCA6DD24-EC99-41AD-99DA-5FD1951BB463}.Debug|Any CPU.ActiveCfg = Debug|Any CPU
		{CCA6DD24-EC99-41AD-99DA-5FD1951BB463}.Debug|Any CPU.Build.0 = Debug|Any CPU
		{CCA6DD24-EC99-41AD-99DA-5FD1951BB463}.Release|Any CPU.ActiveCfg = Release|Any CPU
		{CCA6DD24-EC99-41AD-99DA-5FD1951BB463}.Release|Any CPU.Build.0 = Release|Any CPU
	EndGlobalSection
	GlobalSection(SolutionProperties) = preSolution
		HideSolutionNode = FALSE
	EndGlobalSection
	GlobalSection(ExtensibilityGlobals) = postSolution
		SolutionGuid = {17539DD1-4256-437E-9A47-0564EFBE5820}
	EndGlobalSection
EndGlobal
